
Microsoft Visual Studio Solution File, Format Version 12.00
# Visual Studio 15
VisualStudioVersion = 15.0.27428.2037
MinimumVisualStudioVersion = 10.0.40219.1
Project("{FAE04EC0-301F-11D3-BF4B-00C04F79EFBC}") = "EncryptPasswordWithCsp", "EncryptPasswordWithCsp\EncryptPasswordWithCsp.csproj", "{534F9A1D-4E97-4FF0-8E3B-C50F84BD5830}"
EndProject
Global
	GlobalSection(SolutionConfigurationPlatforms) = preSolution
		Debug|Any CPU = Debug|Any CPU
		Release|Any CPU = Release|Any CPU
	EndGlobalSection
	GlobalSection(ProjectConfigurationPlatforms) = postSolution
		{534F9A1D-4E97-4FF0-8E3B-C50F84BD5830}.Debug|Any CPU.ActiveCfg = Debug|Any CPU
		{534F9A1D-4E97-4FF0-8E3B-C50F84BD5830}.Debug|Any CPU.Build.0 = Debug|Any CPU
		{534F9A1D-4E97-4FF0-8E3B-C50F84BD5830}.Release|Any CPU.ActiveCfg = Release|Any CPU
		{534F9A1D-4E97-4FF0-8E3B-C50F84BD5830}.Release|Any CPU.Build.0 = Release|Any CPU
	EndGlobalSection
	GlobalSection(SolutionProperties) = preSolution
		HideSolutionNode = FALSE
	EndGlobalSection
	GlobalSection(ExtensibilityGlobals) = postSolution
		SolutionGuid = {617015FE-D675-4364-92A6-1A70C2DC2098}
	EndGlobalSection
EndGlobal
